# This file is automatically @generated by Cargo.
# It is not intended for manual editing.
version = 4

[[package]]
name = "px-a11y"
version = "0.0.0"

[[package]]
name = "px-bindings"
version = "0.0.0"

[[package]]
name = "px-block"
version = "0.0.0"

[[package]]
name = "px-brand"
version = "0.0.0"

[[package]]
name = "px-broker"
version = "0.0.0"

[[package]]
name = "px-content"
version = "0.0.0"

[[package]]
name = "px-css"
version = "0.0.0"

[[package]]
name = "px-dom"
version = "0.0.0"

[[package]]
name = "px-gpu"
version = "0.0.0"

[[package]]
name = "px-ipc"
version = "0.0.0"

[[package]]
name = "px-layout"
version = "0.0.0"

[[package]]
name = "px-mcp"
version = "0.0.0"

[[package]]
name = "px-net"
version = "0.0.0"

[[package]]
name = "px-paint"
version = "0.0.0"

[[package]]
name = "px-sandbox"
version = "0.0.0"

[[package]]
name = "px-script"
version = "0.0.0"

[[package]]
name = "px-store"
version = "0.0.0"

[[package]]
name = "px-text"
version = "0.0.0"

[[package]]
name = "px-ui"
version = "0.0.0"

[[package]]
name = "px-update"
version = "0.0.0"

[[package]]
name = "px-websec"
version = "0.0.0"
